
Microsoft Visual Studio Solution File, Format Version 11.00
# Visual Studio 2010
Project("{FAE04EC0-301F-11D3-BF4B-00C04F79EFBC}") = "Unity.Postprocessing.Runtime", "Unity.Postprocessing.Runtime.csproj", "{09d7b632-e99f-8071-c4d1-b7e1c20530fa}"
EndProject
Project("{FAE04EC0-301F-11D3-BF4B-00C04F79EFBC}") = "Assembly-CSharp", "Assembly-CSharp.csproj", "{8ccc940c-c768-8112-375c-0829a50f404d}"
EndProject
Project("{FAE04EC0-301F-11D3-BF4B-00C04F79EFBC}") = "Unity.Postprocessing.Editor", "Unity.Postprocessing.Editor.csproj", "{ddd53186-92ad-d074-c920-1a665687a592}"
EndProject
Global
	GlobalSection(SolutionConfigurationPlatforms) = preSolution
		Debug|Any CPU = Debug|Any CPU
	EndGlobalSection
	GlobalSection(ProjectConfigurationPlatforms) = postSolution
		{09d7b632-e99f-8071-c4d1-b7e1c20530fa}.Debug|Any CPU.ActiveCfg = Debug|Any CPU
		{09d7b632-e99f-8071-c4d1-b7e1c20530fa}.Debug|Any CPU.Build.0 = Debug|Any CPU
		{8ccc940c-c768-8112-375c-0829a50f404d}.Debug|Any CPU.ActiveCfg = Debug|Any CPU
		{8ccc940c-c768-8112-375c-0829a50f404d}.Debug|Any CPU.Build.0 = Debug|Any CPU
		{ddd53186-92ad-d074-c920-1a665687a592}.Debug|Any CPU.ActiveCfg = Debug|Any CPU
		{ddd53186-92ad-d074-c920-1a665687a592}.Debug|Any CPU.Build.0 = Debug|Any CPU
	EndGlobalSection
	GlobalSection(SolutionProperties) = preSolution
		HideSolutionNode = FALSE
	EndGlobalSection
EndGlobal
